// !$*UTF8*$!
{
	archiveVersion = 1;
	classes = {
	};
	objectVersion = 46;
	objects = {

/* Begin PBXBuildFile section */
		C6810AB81EC2367B00D7FD14 /* lectureFichier.cpp in Sources */ = {isa = PBXBuildFile; fileRef = C6810AB71EC2367B00D7FD14 /* lectureFichier.cpp */; };
		C6810AE01EC33AA100D7FD14 /* main.cpp in Sources */ = {isa = PBXBuildFile; fileRef = C6810AD31EC33AA100D7FD14 /* main.cpp */; };
		C6810AFF1EC33C4800D7FD14 /* cimage.cpp in Sources */ = {isa = PBXBuildFile; fileRef = C6810AE51EC33C4800D7FD14 /* cimage.cpp */; };
		C6810B001EC33C4800D7FD14 /* cligne.cpp in Sources */ = {isa = PBXBuildFile; fileRef = C6810AE71EC33C4800D7FD14 /* cligne.cpp */; };
		C6810B011EC33C4800D7FD14 /* cpixel.cpp in Sources */ = {isa = PBXBuildFile; fileRef = C6810AE91EC33C4800D7FD14 /* cpixel.cpp */; };
		C6810B061EC33C4800D7FD14 /* cpoint.cpp in Sources */ = {isa = PBXBuildFile; fileRef = C6810AF41EC33C4800D7FD14 /* cpoint.cpp */; };
		C6810B0A1EC33C4800D7FD14 /* cbitmap.cpp in Sources */ = {isa = PBXBuildFile; fileRef = C6810AFD1EC33C4800D7FD14 /* cbitmap.cpp */; };
		C6810B0E1EC34E5D00D7FD14 /* Collection.cpp in Sources */ = {isa = PBXBuildFile; fileRef = C6810B0C1EC34E5D00D7FD14 /* Collection.cpp */; };
/* End PBXBuildFile section */

/* Begin PBXCopyFilesBuildPhase section */
		C6810AA71EC235EA00D7FD14 /* CopyFiles */ = {
			isa = PBXCopyFilesBuildPhase;
			buildActionMask = 2147483647;
			dstPath = /usr/share/man/man1/;
			dstSubfolderSpec = 0;
			files = (
			);
			runOnlyForDeploymentPostprocessing = 1;
		};
/* End PBXCopyFilesBuildPhase section */

/* Begin PBXFileReference section */
		C6810AA91EC235EA00D7FD14 /* lectureFichierVec */ = {isa = PBXFileReference; explicitFileType = "compiled.mach-o.executable"; includeInIndex = 0; path = lectureFichierVec; sourceTree = BUILT_PRODUCTS_DIR; };
		C6810AB71EC2367B00D7FD14 /* lectureFichier.cpp */ = {isa = PBXFileReference; fileEncoding = 4; lastKnownFileType = sourcecode.cpp.cpp; path = lectureFichier.cpp; sourceTree = "<group>"; };
		C6810AB91EC23DAA00D7FD14 /* lectureFichier.h */ = {isa = PBXFileReference; lastKnownFileType = sourcecode.c.h; path = lectureFichier.h; sourceTree = "<group>"; };
		C6810AD31EC33AA100D7FD14 /* main.cpp */ = {isa = PBXFileReference; fileEncoding = 4; lastKnownFileType = sourcecode.cpp.cpp; path = main.cpp; sourceTree = "<group>"; };
		C6810AE51EC33C4800D7FD14 /* cimage.cpp */ = {isa = PBXFileReference; fileEncoding = 4; lastKnownFileType = sourcecode.cpp.cpp; path = cimage.cpp; sourceTree = "<group>"; };
		C6810AE61EC33C4800D7FD14 /* cimage.h */ = {isa = PBXFileReference; fileEncoding = 4; lastKnownFileType = sourcecode.c.h; path = cimage.h; sourceTree = "<group>"; };
		C6810AE71EC33C4800D7FD14 /* cligne.cpp */ = {isa = PBXFileReference; fileEncoding = 4; lastKnownFileType = sourcecode.cpp.cpp; path = cligne.cpp; sourceTree = "<group>"; };
		C6810AE81EC33C4800D7FD14 /* cligne.h */ = {isa = PBXFileReference; fileEncoding = 4; lastKnownFileType = sourcecode.c.h; path = cligne.h; sourceTree = "<group>"; };
		C6810AE91EC33C4800D7FD14 /* cpixel.cpp */ = {isa = PBXFileReference; fileEncoding = 4; lastKnownFileType = sourcecode.cpp.cpp; path = cpixel.cpp; sourceTree = "<group>"; };
		C6810AEA1EC33C4800D7FD14 /* cpixel.h */ = {isa = PBXFileReference; fileEncoding = 4; lastKnownFileType = sourcecode.c.h; path = cpixel.h; sourceTree = "<group>"; };
		C6810AF41EC33C4800D7FD14 /* cpoint.cpp */ = {isa = PBXFileReference; fileEncoding = 4; lastKnownFileType = sourcecode.cpp.cpp; path = cpoint.cpp; sourceTree = "<group>"; };
		C6810AF51EC33C4800D7FD14 /* cpoint.h */ = {isa = PBXFileReference; fileEncoding = 4; lastKnownFileType = sourcecode.c.h; path = cpoint.h; sourceTree = "<group>"; };
		C6810AFD1EC33C4800D7FD14 /* cbitmap.cpp */ = {isa = PBXFileReference; fileEncoding = 4; lastKnownFileType = sourcecode.cpp.cpp; path = cbitmap.cpp; sourceTree = "<group>"; };
		C6810AFE1EC33C4800D7FD14 /* cbitmap.h */ = {isa = PBXFileReference; fileEncoding = 4; lastKnownFileType = sourcecode.c.h; path = cbitmap.h; sourceTree = "<group>"; };
		C6810B0B1EC34E4800D7FD14 /* Collection.h */ = {isa = PBXFileReference; lastKnownFileType = sourcecode.c.h; name = Collection.h; path = ../LectureFichierVec/Collection.h; sourceTree = "<group>"; };
		C6810B0C1EC34E5D00D7FD14 /* Collection.cpp */ = {isa = PBXFileReference; fileEncoding = 4; lastKnownFileType = sourcecode.cpp.cpp; name = Collection.cpp; path = ../LectureFichierVec/Collection.cpp; sourceTree = "<group>"; };
/* End PBXFileReference section */

/* Begin PBXFrameworksBuildPhase section */
		C6810AA61EC235EA00D7FD14 /* Frameworks */ = {
			isa = PBXFrameworksBuildPhase;
			buildActionMask = 2147483647;
			files = (
			);
			runOnlyForDeploymentPostprocessing = 0;
		};
/* End PBXFrameworksBuildPhase section */

/* Begin PBXGroup section */
		C6810AA01EC235EA00D7FD14 = {
			isa = PBXGroup;
			children = (
				C6810AD31EC33AA100D7FD14 /* main.cpp */,
				C6810AAB1EC235EA00D7FD14 /* lectureFichierVec */,
				C6810AEB1EC33C4800D7FD14 /* Formes */,
				C6810AE41EC33C4800D7FD14 /* Image */,
				C6810AFC1EC33C4800D7FD14 /* Format */,
				C6810AAA1EC235EA00D7FD14 /* Products */,
			);
			sourceTree = "<group>";
		};
		C6810AAA1EC235EA00D7FD14 /* Products */ = {
			isa = PBXGroup;
			children = (
				C6810AA91EC235EA00D7FD14 /* lectureFichierVec */,
			);
			name = Products;
			sourceTree = "<group>";
		};
		C6810AAB1EC235EA00D7FD14 /* lectureFichierVec */ = {
			isa = PBXGroup;
			children = (
				C6810AB71EC2367B00D7FD14 /* lectureFichier.cpp */,
				C6810AB91EC23DAA00D7FD14 /* lectureFichier.h */,
				C6810B0C1EC34E5D00D7FD14 /* Collection.cpp */,
				C6810B0B1EC34E4800D7FD14 /* Collection.h */,
			);
			path = lectureFichierVec;
			sourceTree = "<group>";
		};
		C6810AE41EC33C4800D7FD14 /* Image */ = {
			isa = PBXGroup;
			children = (
				C6810AE51EC33C4800D7FD14 /* cimage.cpp */,
				C6810AE61EC33C4800D7FD14 /* cimage.h */,
				C6810AE71EC33C4800D7FD14 /* cligne.cpp */,
				C6810AE81EC33C4800D7FD14 /* cligne.h */,
				C6810AE91EC33C4800D7FD14 /* cpixel.cpp */,
				C6810AEA1EC33C4800D7FD14 /* cpixel.h */,
			);
			path = Image;
			sourceTree = "<group>";
		};
		C6810AEB1EC33C4800D7FD14 /* Formes */ = {
			isa = PBXGroup;
			children = (
				C6810AF41EC33C4800D7FD14 /* cpoint.cpp */,
				C6810AF51EC33C4800D7FD14 /* cpoint.h */,
			);
			path = Formes;
			sourceTree = "<group>";
		};
		C6810AFC1EC33C4800D7FD14 /* Format */ = {
			isa = PBXGroup;
			children = (
				C6810AFD1EC33C4800D7FD14 /* cbitmap.cpp */,
				C6810AFE1EC33C4800D7FD14 /* cbitmap.h */,
			);
			path = Format;
			sourceTree = "<group>";
		};
/* End PBXGroup section */

/* Begin PBXNativeTarget section */
		C6810AA81EC235EA00D7FD14 /* lectureFichierVec */ = {
			isa = PBXNativeTarget;
			buildConfigurationList = C6810AB01EC235EB00D7FD14 /* Build configuration list for PBXNativeTarget "lectureFichierVec" */;
			buildPhases = (
				C6810AA51EC235EA00D7FD14 /* Sources */,
				C6810AA61EC235EA00D7FD14 /* Frameworks */,
				C6810AA71EC235EA00D7FD14 /* CopyFiles */,
			);
			buildRules = (
			);
			dependencies = (
			);
			name = lectureFichierVec;
			productName = lectureFichierVec;
			productReference = C6810AA91EC235EA00D7FD14 /* lectureFichierVec */;
			productType = "com.apple.product-type.tool";
		};
/* End PBXNativeTarget section */

/* Begin PBXProject section */
		C6810AA11EC235EA00D7FD14 /* Project object */ = {
			isa = PBXProject;
			attributes = {
				LastUpgradeCheck = 0830;
				ORGANIZATIONNAME = "Louis Lac";
				TargetAttributes = {
					C6810AA81EC235EA00D7FD14 = {
						CreatedOnToolsVersion = 8.3.2;
						ProvisioningStyle = Automatic;
					};
				};
			};
			buildConfigurationList = C6810AA41EC235EA00D7FD14 /* Build configuration list for PBXProject "LectureFichierVec" */;
			compatibilityVersion = "Xcode 3.2";
			developmentRegion = English;
			hasScannedForEncodings = 0;
			knownRegions = (
				en,
			);
			mainGroup = C6810AA01EC235EA00D7FD14;
			productRefGroup = C6810AAA1EC235EA00D7FD14 /* Products */;
			projectDirPath = "";
			projectRoot = "";
			targets = (
				C6810AA81EC235EA00D7FD14 /* lectureFichierVec */,
			);
		};
/* End PBXProject section */

/* Begin PBXSourcesBuildPhase section */
		C6810AA51EC235EA00D7FD14 /* Sources */ = {
			isa = PBXSourcesBuildPhase;
			buildActionMask = 2147483647;
			files = (
				C6810AE01EC33AA100D7FD14 /* main.cpp in Sources */,
				C6810B001EC33C4800D7FD14 /* cligne.cpp in Sources */,
				C6810AB81EC2367B00D7FD14 /* lectureFichier.cpp in Sources */,
				C6810B0E1EC34E5D00D7FD14 /* Collection.cpp in Sources */,
				C6810B0A1EC33C4800D7FD14 /* cbitmap.cpp in Sources */,
				C6810B011EC33C4800D7FD14 /* cpixel.cpp in Sources */,
				C6810B061EC33C4800D7FD14 /* cpoint.cpp in Sources */,
				C6810AFF1EC33C4800D7FD14 /* cimage.cpp in Sources */,
			);
			runOnlyForDeploymentPostprocessing = 0;
		};
/* End PBXSourcesBuildPhase section */

/* Begin XCBuildConfiguration section */
		C6810AAE1EC235EB00D7FD14 /* Debug */ = {
			isa = XCBuildConfiguration;
			buildSettings = {
				ALWAYS_SEARCH_USER_PATHS = NO;
				CLANG_ANALYZER_NONNULL = YES;
				CLANG_ANALYZER_NUMBER_OBJECT_CONVERSION = YES_AGGRESSIVE;
				CLANG_CXX_LANGUAGE_STANDARD = "gnu++0x";
				CLANG_CXX_LIBRARY = "libc++";
				CLANG_ENABLE_MODULES = YES;
				CLANG_ENABLE_OBJC_ARC = YES;
				CLANG_WARN_BOOL_CONVERSION = YES;
				CLANG_WARN_CONSTANT_CONVERSION = YES;
				CLANG_WARN_DIRECT_OBJC_ISA_USAGE = YES_ERROR;
				CLANG_WARN_DOCUMENTATION_COMMENTS = YES;
				CLANG_WARN_EMPTY_BODY = YES;
				CLANG_WARN_ENUM_CONVERSION = YES;
				CLANG_WARN_INFINITE_RECURSION = YES;
				CLANG_WARN_INT_CONVERSION = YES;
				CLANG_WARN_OBJC_ROOT_CLASS = YES_ERROR;
				CLANG_WARN_SUSPICIOUS_MOVE = YES;
				CLANG_WARN_UNREACHABLE_CODE = YES;
				CLANG_WARN__DUPLICATE_METHOD_MATCH = YES;
				CODE_SIGN_IDENTITY = "-";
				COPY_PHASE_STRIP = NO;
				DEBUG_INFORMATION_FORMAT = dwarf;
				ENABLE_STRICT_OBJC_MSGSEND = YES;
				ENABLE_TESTABILITY = YES;
				GCC_C_LANGUAGE_STANDARD = gnu99;
				GCC_DYNAMIC_NO_PIC = NO;
				GCC_NO_COMMON_BLOCKS = YES;
				GCC_OPTIMIZATION_LEVEL = 0;
				GCC_PREPROCESSOR_DEFINITIONS = (
					"DEBUG=1",
					"$(inherited)",
				);
				GCC_WARN_64_TO_32_BIT_CONVERSION = YES;
				GCC_WARN_ABOUT_RETURN_TYPE = YES_ERROR;
				GCC_WARN_UNDECLARED_SELECTOR = YES;
				GCC_WARN_UNINITIALIZED_AUTOS = YES_AGGRESSIVE;
				GCC_WARN_UNUSED_FUNCTION = YES;
				GCC_WARN_UNUSED_VARIABLE = YES;
				MACOSX_DEPLOYMENT_TARGET = 10.12;
				MTL_ENABLE_DEBUG_INFO = YES;
				ONLY_ACTIVE_ARCH = YES;
				SDKROOT = macosx;
			};
			name = Debug;
		};
		C6810AAF1EC235EB00D7FD14 /* Release */ = {
			isa = XCBuildConfiguration;
			buildSettings = {
				ALWAYS_SEARCH_USER_PATHS = NO;
				CLANG_ANALYZER_NONNULL = YES;
				CLANG_ANALYZER_NUMBER_OBJECT_CONVERSION = YES_AGGRESSIVE;
				CLANG_CXX_LANGUAGE_STANDARD = "gnu++0x";
				CLANG_CXX_LIBRARY = "libc++";
				CLANG_ENABLE_MODULES = YES;
				CLANG_ENABLE_OBJC_ARC = YES;
				CLANG_WARN_BOOL_CONVERSION = YES;
				CLANG_WARN_CONSTANT_CONVERSION = YES;
				CLANG_WARN_DIRECT_OBJC_ISA_USAGE = YES_ERROR;
				CLANG_WARN_DOCUMENTATION_COMMENTS = YES;
				CLANG_WARN_EMPTY_BODY = YES;
				CLANG_WARN_ENUM_CONVERSION = YES;
				CLANG_WARN_INFINITE_RECURSION = YES;
				CLANG_WARN_INT_CONVERSION = YES;
				CLANG_WARN_OBJC_ROOT_CLASS = YES_ERROR;
				CLANG_WARN_SUSPICIOUS_MOVE = YES;
				CLANG_WARN_UNREACHABLE_CODE = YES;
				CLANG_WARN__DUPLICATE_METHOD_MATCH = YES;
				CODE_SIGN_IDENTITY = "-";
				COPY_PHASE_STRIP = NO;
				DEBUG_INFORMATION_FORMAT = "dwarf-with-dsym";
				ENABLE_NS_ASSERTIONS = NO;
				ENABLE_STRICT_OBJC_MSGSEND = YES;
				GCC_C_LANGUAGE_STANDARD = gnu99;
				GCC_NO_COMMON_BLOCKS = YES;
				GCC_WARN_64_TO_32_BIT_CONVERSION = YES;
				GCC_WARN_ABOUT_RETURN_TYPE = YES_ERROR;
				GCC_WARN_UNDECLARED_SELECTOR = YES;
				GCC_WARN_UNINITIALIZED_AUTOS = YES_AGGRESSIVE;
				GCC_WARN_UNUSED_FUNCTION = YES;
				GCC_WARN_UNUSED_VARIABLE = YES;
				MACOSX_DEPLOYMENT_TARGET = 10.12;
				MTL_ENABLE_DEBUG_INFO = NO;
				SDKROOT = macosx;
			};
			name = Release;
		};
		C6810AB11EC235EB00D7FD14 /* Debug */ = {
			isa = XCBuildConfiguration;
			buildSettings = {
				PRODUCT_NAME = "$(TARGET_NAME)";
			};
			name = Debug;
		};
		C6810AB21EC235EB00D7FD14 /* Release */ = {
			isa = XCBuildConfiguration;
			buildSettings = {
				PRODUCT_NAME = "$(TARGET_NAME)";
			};
			name = Release;
		};
/* End XCBuildConfiguration section */

/* Begin XCConfigurationList section */
		C6810AA41EC235EA00D7FD14 /* Build configuration list for PBXProject "LectureFichierVec" */ = {
			isa = XCConfigurationList;
			buildConfigurations = (
				C6810AAE1EC235EB00D7FD14 /* Debug */,
				C6810AAF1EC235EB00D7FD14 /* Release */,
			);
			defaultConfigurationIsVisible = 0;
			defaultConfigurationName = Release;
		};
		C6810AB01EC235EB00D7FD14 /* Build configuration list for PBXNativeTarget "lectureFichierVec" */ = {
			isa = XCConfigurationList;
			buildConfigurations = (
				C6810AB11EC235EB00D7FD14 /* Debug */,
				C6810AB21EC235EB00D7FD14 /* Release */,
			);
			defaultConfigurationIsVisible = 0;
			defaultConfigurationName = Release;
		};
/* End XCConfigurationList section */
	};
	rootObject = C6810AA11EC235EA00D7FD14 /* Project object */;
}
